
Microsoft Visual Studio Solution File, Format Version 11.00
# Visual Studio 2010
Project("{FAE04EC0-301F-11D3-BF4B-00C04F79EFBC}") = "WordReplace", "WordReplace\WordReplace.csproj", "{EECF3EE6-D104-40C6-835B-755A45937CDD}"
EndProject
Global
	GlobalSection(SolutionConfigurationPlatforms) = preSolution
		Debug|x86 = Debug|x86
		Release|x86 = Release|x86
	EndGlobalSection
	GlobalSection(ProjectConfigurationPlatforms) = postSolution
		{EECF3EE6-D104-40C6-835B-755A45937CDD}.Debug|x86.ActiveCfg = Debug|x86
		{EECF3EE6-D104-40C6-835B-755A45937CDD}.Debug|x86.Build.0 = Debug|x86
		{EECF3EE6-D104-40C6-835B-755A45937CDD}.Release|x86.ActiveCfg = Release|x86
		{EECF3EE6-D104-40C6-835B-755A45937CDD}.Release|x86.Build.0 = Release|x86
	EndGlobalSection
	GlobalSection(SolutionProperties) = preSolution
		HideSolutionNode = FALSE
	EndGlobalSection
EndGlobal
